
Microsoft Visual Studio Solution File, Format Version 12.00
# Visual Studio 15
VisualStudioVersion = 15.0.27004.2010
MinimumVisualStudioVersion = 10.0.40219.1
Project("{FAE04EC0-301F-11D3-BF4B-00C04F79EFBC}") = "BookNWriter", "BookNWriter\BookNWriter.csproj", "{62AE66B6-58F8-4035-816A-7EDD54EA009A}"
EndProject
Global
	GlobalSection(SolutionConfigurationPlatforms) = preSolution
		Debug|Any CPU = Debug|Any CPU
		Release|Any CPU = Release|Any CPU
	EndGlobalSection
	GlobalSection(ProjectConfigurationPlatforms) = postSolution
		{62AE66B6-58F8-4035-816A-7EDD54EA009A}.Debug|Any CPU.ActiveCfg = Debug|Any CPU
		{62AE66B6-58F8-4035-816A-7EDD54EA009A}.Debug|Any CPU.Build.0 = Debug|Any CPU
		{62AE66B6-58F8-4035-816A-7EDD54EA009A}.Release|Any CPU.ActiveCfg = Release|Any CPU
		{62AE66B6-58F8-4035-816A-7EDD54EA009A}.Release|Any CPU.Build.0 = Release|Any CPU
	EndGlobalSection
	GlobalSection(SolutionProperties) = preSolution
		HideSolutionNode = FALSE
	EndGlobalSection
	GlobalSection(ExtensibilityGlobals) = postSolution
		SolutionGuid = {29F58418-3CF5-417B-A289-599CC8F0C26B}
	EndGlobalSection
EndGlobal
