
Microsoft Visual Studio Solution File, Format Version 12.00
# Visual Studio 15
VisualStudioVersion = 15.0.27428.2011
MinimumVisualStudioVersion = 10.0.40219.1
Project("{9A19103F-16F7-4668-BE54-9A1E7A4F7556}") = "TaskBankApp", "TaskBankApp\TaskBankApp.csproj", "{EBFE5FE7-085D-476B-9311-A9CA50E1F7C4}"
EndProject
Project("{FAE04EC0-301F-11D3-BF4B-00C04F79EFBC}") = "BbanValidator", "BbanValidator\BbanValidator.csproj", "{6DEBADBF-D410-42D2-ABCA-5B3F1D78D289}"
EndProject
Global
	GlobalSection(SolutionConfigurationPlatforms) = preSolution
		Debug|Any CPU = Debug|Any CPU
		Release|Any CPU = Release|Any CPU
	EndGlobalSection
	GlobalSection(ProjectConfigurationPlatforms) = postSolution
		{EBFE5FE7-085D-476B-9311-A9CA50E1F7C4}.Debug|Any CPU.ActiveCfg = Debug|Any CPU
		{EBFE5FE7-085D-476B-9311-A9CA50E1F7C4}.Debug|Any CPU.Build.0 = Debug|Any CPU
		{EBFE5FE7-085D-476B-9311-A9CA50E1F7C4}.Release|Any CPU.ActiveCfg = Release|Any CPU
		{EBFE5FE7-085D-476B-9311-A9CA50E1F7C4}.Release|Any CPU.Build.0 = Release|Any CPU
		{6DEBADBF-D410-42D2-ABCA-5B3F1D78D289}.Debug|Any CPU.ActiveCfg = Debug|Any CPU
		{6DEBADBF-D410-42D2-ABCA-5B3F1D78D289}.Debug|Any CPU.Build.0 = Debug|Any CPU
		{6DEBADBF-D410-42D2-ABCA-5B3F1D78D289}.Release|Any CPU.ActiveCfg = Release|Any CPU
		{6DEBADBF-D410-42D2-ABCA-5B3F1D78D289}.Release|Any CPU.Build.0 = Release|Any CPU
	EndGlobalSection
	GlobalSection(SolutionProperties) = preSolution
		HideSolutionNode = FALSE
	EndGlobalSection
	GlobalSection(ExtensibilityGlobals) = postSolution
		SolutionGuid = {AC237F4F-737A-4556-8CAA-3378AE4FC8D2}
	EndGlobalSection
EndGlobal
